
Microsoft Visual Studio Solution File, Format Version 12.00
# Visual Studio Version 16
VisualStudioVersion = 16.0.31729.503
MinimumVisualStudioVersion = 10.0.40219.1
Project("{FAE04EC0-301F-11D3-BF4B-00C04F79EFBC}") = "ValueAndReferenceTypes8523", "ValueAndReferenceTypes8523\ValueAndReferenceTypes8523.csproj", "{65FC4199-66DB-4931-8F68-189B106FB45D}"
EndProject
Project("{FAE04EC0-301F-11D3-BF4B-00C04F79EFBC}") = "RefVeOutKullanimi", "RefVeOutKullanimi\RefVeOutKullanimi.csproj", "{AC681FF8-3D07-47C4-AF87-68883A509EA8}"
EndProject
Global
	GlobalSection(SolutionConfigurationPlatforms) = preSolution
		Debug|Any CPU = Debug|Any CPU
		Release|Any CPU = Release|Any CPU
	EndGlobalSection
	GlobalSection(ProjectConfigurationPlatforms) = postSolution
		{65FC4199-66DB-4931-8F68-189B106FB45D}.Debug|Any CPU.ActiveCfg = Debug|Any CPU
		{65FC4199-66DB-4931-8F68-189B106FB45D}.Debug|Any CPU.Build.0 = Debug|Any CPU
		{65FC4199-66DB-4931-8F68-189B106FB45D}.Release|Any CPU.ActiveCfg = Release|Any CPU
		{65FC4199-66DB-4931-8F68-189B106FB45D}.Release|Any CPU.Build.0 = Release|Any CPU
		{AC681FF8-3D07-47C4-AF87-68883A509EA8}.Debug|Any CPU.ActiveCfg = Debug|Any CPU
		{AC681FF8-3D07-47C4-AF87-68883A509EA8}.Debug|Any CPU.Build.0 = Debug|Any CPU
		{AC681FF8-3D07-47C4-AF87-68883A509EA8}.Release|Any CPU.ActiveCfg = Release|Any CPU
		{AC681FF8-3D07-47C4-AF87-68883A509EA8}.Release|Any CPU.Build.0 = Release|Any CPU
	EndGlobalSection
	GlobalSection(SolutionProperties) = preSolution
		HideSolutionNode = FALSE
	EndGlobalSection
	GlobalSection(ExtensibilityGlobals) = postSolution
		SolutionGuid = {CDC16C7A-68D1-4DB5-A93D-037C7E61F400}
	EndGlobalSection
EndGlobal
